
Microsoft Visual Studio Solution File, Format Version 12.00
# Visual Studio Version 17
VisualStudioVersion = 17.5.002.0
MinimumVisualStudioVersion = 10.0.40219.1
Project("{9A19103F-16F7-4668-BE54-9A1E7A4F7556}") = "01conceitos", "01conceitos.csproj", "{738D33E3-4A75-4782-8017-BF5C54FACE77}"
EndProject
Global
	GlobalSection(SolutionConfigurationPlatforms) = preSolution
		Debug|Any CPU = Debug|Any CPU
		Release|Any CPU = Release|Any CPU
	EndGlobalSection
	GlobalSection(ProjectConfigurationPlatforms) = postSolution
		{738D33E3-4A75-4782-8017-BF5C54FACE77}.Debug|Any CPU.ActiveCfg = Debug|Any CPU
		{738D33E3-4A75-4782-8017-BF5C54FACE77}.Debug|Any CPU.Build.0 = Debug|Any CPU
		{738D33E3-4A75-4782-8017-BF5C54FACE77}.Release|Any CPU.ActiveCfg = Release|Any CPU
		{738D33E3-4A75-4782-8017-BF5C54FACE77}.Release|Any CPU.Build.0 = Release|Any CPU
	EndGlobalSection
	GlobalSection(SolutionProperties) = preSolution
		HideSolutionNode = FALSE
	EndGlobalSection
	GlobalSection(ExtensibilityGlobals) = postSolution
		SolutionGuid = {D3B72E0B-B710-48DA-96F2-E580AFFDFC15}
	EndGlobalSection
EndGlobal
