
Microsoft Visual Studio Solution File, Format Version 12.00
# Visual Studio Version 17
VisualStudioVersion = 17.5.002.0
MinimumVisualStudioVersion = 10.0.40219.1
Project("{9A19103F-16F7-4668-BE54-9A1E7A4F7556}") = "02encapsulamento", "02encapsulamento.csproj", "{C119C24E-F686-4E24-8822-927992A2CB75}"
EndProject
Global
	GlobalSection(SolutionConfigurationPlatforms) = preSolution
		Debug|Any CPU = Debug|Any CPU
		Release|Any CPU = Release|Any CPU
	EndGlobalSection
	GlobalSection(ProjectConfigurationPlatforms) = postSolution
		{C119C24E-F686-4E24-8822-927992A2CB75}.Debug|Any CPU.ActiveCfg = Debug|Any CPU
		{C119C24E-F686-4E24-8822-927992A2CB75}.Debug|Any CPU.Build.0 = Debug|Any CPU
		{C119C24E-F686-4E24-8822-927992A2CB75}.Release|Any CPU.ActiveCfg = Release|Any CPU
		{C119C24E-F686-4E24-8822-927992A2CB75}.Release|Any CPU.Build.0 = Release|Any CPU
	EndGlobalSection
	GlobalSection(SolutionProperties) = preSolution
		HideSolutionNode = FALSE
	EndGlobalSection
	GlobalSection(ExtensibilityGlobals) = postSolution
		SolutionGuid = {E3C09E9F-3644-457B-B13E-E2813BE797F7}
	EndGlobalSection
EndGlobal
